
Microsoft Visual Studio Solution File, Format Version 12.00
# Visual Studio Version 17
VisualStudioVersion = 17.0.31903.59
MinimumVisualStudioVersion = 10.0.40219.1
Project("{2150E333-8FDC-42A3-9474-1A3956D46DE8}") = "src", "src", "{827E0CD3-B72D-47B6-A68D-7590B98EB39B}"
EndProject
Project("{FAE04EC0-301F-11D3-BF4B-00C04F79EFBC}") = "CodeSentinel.Core", "src\CodeSentinel.Core\CodeSentinel.Core.csproj", "{EB7CE8A1-C673-41D3-BC68-39477F026A7A}"
EndProject
Project("{FAE04EC0-301F-11D3-BF4B-00C04F79EFBC}") = "CodeSentinel.Application", "src\CodeSentinel.Application\CodeSentinel.Application.csproj", "{F301BB8E-37D5-4998-8349-6E3D6BC22181}"
EndProject
Project("{FAE04EC0-301F-11D3-BF4B-00C04F79EFBC}") = "CodeSentinel.Infrastructure", "src\CodeSentinel.Infrastructure\CodeSentinel.Infrastructure.csproj", "{099E39E0-4799-475E-870D-F19F353B1744}"
EndProject
Project("{FAE04EC0-301F-11D3-BF4B-00C04F79EFBC}") = "CodeSentinel.Cli", "src\CodeSentinel.Cli\CodeSentinel.Cli.csproj", "{D8EC6F8B-B9B0-4E84-A5BA-1BB34144C1A4}"
EndProject
Project("{2150E333-8FDC-42A3-9474-1A3956D46DE8}") = "tests", "tests", "{0AB3BF05-4346-4AA6-1389-037BE0695223}"
EndProject
Project("{FAE04EC0-301F-11D3-BF4B-00C04F79EFBC}") = "CodeSentinel.Core.Tests", "tests\CodeSentinel.Core.Tests\CodeSentinel.Core.Tests.csproj", "{E1564CB6-1662-425D-8B95-0CF29A4F3622}"
EndProject
Project("{FAE04EC0-301F-11D3-BF4B-00C04F79EFBC}") = "CodeSentinel.Application.Tests", "tests\CodeSentinel.Application.Tests\CodeSentinel.Application.Tests.csproj", "{F6240197-399E-472F-BC72-B3700933D6DA}"
EndProject
Project("{FAE04EC0-301F-11D3-BF4B-00C04F79EFBC}") = "CodeSentinel.Infrastructure.Tests", "tests\CodeSentinel.Infrastructure.Tests\CodeSentinel.Infrastructure.Tests.csproj", "{74B48C00-9EF3-4BB3-A7B3-2E0E14905EBE}"
EndProject
Project("{FAE04EC0-301F-11D3-BF4B-00C04F79EFBC}") = "CodeSentinel.Cli.Tests", "tests\CodeSentinel.Cli.Tests\CodeSentinel.Cli.Tests.csproj", "{14A0ED18-22EC-4258-ACB6-D99E4111DB52}"
EndProject
Global
	GlobalSection(SolutionConfigurationPlatforms) = preSolution
		Debug|Any CPU = Debug|Any CPU
		Debug|x64 = Debug|x64
		Debug|x86 = Debug|x86
		Release|Any CPU = Release|Any CPU
		Release|x64 = Release|x64
		Release|x86 = Release|x86
	EndGlobalSection
	GlobalSection(ProjectConfigurationPlatforms) = postSolution
		{EB7CE8A1-C673-41D3-BC68-39477F026A7A}.Debug|Any CPU.ActiveCfg = Debug|Any CPU
		{EB7CE8A1-C673-41D3-BC68-39477F026A7A}.Debug|Any CPU.Build.0 = Debug|Any CPU
		{EB7CE8A1-C673-41D3-BC68-39477F026A7A}.Debug|x64.ActiveCfg = Debug|Any CPU
		{EB7CE8A1-C673-41D3-BC68-39477F026A7A}.Debug|x64.Build.0 = Debug|Any CPU
		{EB7CE8A1-C673-41D3-BC68-39477F026A7A}.Debug|x86.ActiveCfg = Debug|Any CPU
		{EB7CE8A1-C673-41D3-BC68-39477F026A7A}.Debug|x86.Build.0 = Debug|Any CPU
		{EB7CE8A1-C673-41D3-BC68-39477F026A7A}.Release|Any CPU.ActiveCfg = Release|Any CPU
		{EB7CE8A1-C673-41D3-BC68-39477F026A7A}.Release|Any CPU.Build.0 = Release|Any CPU
		{EB7CE8A1-C673-41D3-BC68-39477F026A7A}.Release|x64.ActiveCfg = Release|Any CPU
		{EB7CE8A1-C673-41D3-BC68-39477F026A7A}.Release|x64.Build.0 = Release|Any CPU
		{EB7CE8A1-C673-41D3-BC68-39477F026A7A}.Release|x86.ActiveCfg = Release|Any CPU
		{EB7CE8A1-C673-41D3-BC68-39477F026A7A}.Release|x86.Build.0 = Release|Any CPU
		{F301BB8E-37D5-4998-8349-6E3D6BC22181}.Debug|Any CPU.ActiveCfg = Debug|Any CPU
		{F301BB8E-37D5-4998-8349-6E3D6BC22181}.Debug|Any CPU.Build.0 = Debug|Any CPU
		{F301BB8E-37D5-4998-8349-6E3D6BC22181}.Debug|x64.ActiveCfg = Debug|Any CPU
		{F301BB8E-37D5-4998-8349-6E3D6BC22181}.Debug|x64.Build.0 = Debug|Any CPU
		{F301BB8E-37D5-4998-8349-6E3D6BC22181}.Debug|x86.ActiveCfg = Debug|Any CPU
		{F301BB8E-37D5-4998-8349-6E3D6BC22181}.Debug|x86.Build.0 = Debug|Any CPU
		{F301BB8E-37D5-4998-8349-6E3D6BC22181}.Release|Any CPU.ActiveCfg = Release|Any CPU
		{F301BB8E-37D5-4998-8349-6E3D6BC22181}.Release|Any CPU.Build.0 = Release|Any CPU
		{F301BB8E-37D5-4998-8349-6E3D6BC22181}.Release|x64.ActiveCfg = Release|Any CPU
		{F301BB8E-37D5-4998-8349-6E3D6BC22181}.Release|x64.Build.0 = Release|Any CPU
		{F301BB8E-37D5-4998-8349-6E3D6BC22181}.Release|x86.ActiveCfg = Release|Any CPU
		{F301BB8E-37D5-4998-8349-6E3D6BC22181}.Release|x86.Build.0 = Release|Any CPU
		{099E39E0-4799-475E-870D-F19F353B1744}.Debug|Any CPU.ActiveCfg = Debug|Any CPU
		{099E39E0-4799-475E-870D-F19F353B1744}.Debug|Any CPU.Build.0 = Debug|Any CPU
		{099E39E0-4799-475E-870D-F19F353B1744}.Debug|x64.ActiveCfg = Debug|Any CPU
		{099E39E0-4799-475E-870D-F19F353B1744}.Debug|x64.Build.0 = Debug|Any CPU
		{099E39E0-4799-475E-870D-F19F353B1744}.Debug|x86.ActiveCfg = Debug|Any CPU
		{099E39E0-4799-475E-870D-F19F353B1744}.Debug|x86.Build.0 = Debug|Any CPU
		{099E39E0-4799-475E-870D-F19F353B1744}.Release|Any CPU.ActiveCfg = Release|Any CPU
		{099E39E0-4799-475E-870D-F19F353B1744}.Release|Any CPU.Build.0 = Release|Any CPU
		{099E39E0-4799-475E-870D-F19F353B1744}.Release|x64.ActiveCfg = Release|Any CPU
		{099E39E0-4799-475E-870D-F19F353B1744}.Release|x64.Build.0 = Release|Any CPU
		{099E39E0-4799-475E-870D-F19F353B1744}.Release|x86.ActiveCfg = Release|Any CPU
		{099E39E0-4799-475E-870D-F19F353B1744}.Release|x86.Build.0 = Release|Any CPU
		{D8EC6F8B-B9B0-4E84-A5BA-1BB34144C1A4}.Debug|Any CPU.ActiveCfg = Debug|Any CPU
		{D8EC6F8B-B9B0-4E84-A5BA-1BB34144C1A4}.Debug|Any CPU.Build.0 = Debug|Any CPU
		{D8EC6F8B-B9B0-4E84-A5BA-1BB34144C1A4}.Debug|x64.ActiveCfg = Debug|Any CPU
		{D8EC6F8B-B9B0-4E84-A5BA-1BB34144C1A4}.Debug|x64.Build.0 = Debug|Any CPU
		{D8EC6F8B-B9B0-4E84-A5BA-1BB34144C1A4}.Debug|x86.ActiveCfg = Debug|Any CPU
		{D8EC6F8B-B9B0-4E84-A5BA-1BB34144C1A4}.Debug|x86.Build.0 = Debug|Any CPU
		{D8EC6F8B-B9B0-4E84-A5BA-1BB34144C1A4}.Release|Any CPU.ActiveCfg = Release|Any CPU
		{D8EC6F8B-B9B0-4E84-A5BA-1BB34144C1A4}.Release|Any CPU.Build.0 = Release|Any CPU
		{D8EC6F8B-B9B0-4E84-A5BA-1BB34144C1A4}.Release|x64.ActiveCfg = Release|Any CPU
		{D8EC6F8B-B9B0-4E84-A5BA-1BB34144C1A4}.Release|x64.Build.0 = Release|Any CPU
		{D8EC6F8B-B9B0-4E84-A5BA-1BB34144C1A4}.Release|x86.ActiveCfg = Release|Any CPU
		{D8EC6F8B-B9B0-4E84-A5BA-1BB34144C1A4}.Release|x86.Build.0 = Release|Any CPU
		{E1564CB6-1662-425D-8B95-0CF29A4F3622}.Debug|Any CPU.ActiveCfg = Debug|Any CPU
		{E1564CB6-1662-425D-8B95-0CF29A4F3622}.Debug|Any CPU.Build.0 = Debug|Any CPU
		{E1564CB6-1662-425D-8B95-0CF29A4F3622}.Debug|x64.ActiveCfg = Debug|Any CPU
		{E1564CB6-1662-425D-8B95-0CF29A4F3622}.Debug|x64.Build.0 = Debug|Any CPU
		{E1564CB6-1662-425D-8B95-0CF29A4F3622}.Debug|x86.ActiveCfg = Debug|Any CPU
		{E1564CB6-1662-425D-8B95-0CF29A4F3622}.Debug|x86.Build.0 = Debug|Any CPU
		{E1564CB6-1662-425D-8B95-0CF29A4F3622}.Release|Any CPU.ActiveCfg = Release|Any CPU
		{E1564CB6-1662-425D-8B95-0CF29A4F3622}.Release|Any CPU.Build.0 = Release|Any CPU
		{E1564CB6-1662-425D-8B95-0CF29A4F3622}.Release|x64.ActiveCfg = Release|Any CPU
		{E1564CB6-1662-425D-8B95-0CF29A4F3622}.Release|x64.Build.0 = Release|Any CPU
		{E1564CB6-1662-425D-8B95-0CF29A4F3622}.Release|x86.ActiveCfg = Release|Any CPU
		{E1564CB6-1662-425D-8B95-0CF29A4F3622}.Release|x86.Build.0 = Release|Any CPU
		{F6240197-399E-472F-BC72-B3700933D6DA}.Debug|Any CPU.ActiveCfg = Debug|Any CPU
		{F6240197-399E-472F-BC72-B3700933D6DA}.Debug|Any CPU.Build.0 = Debug|Any CPU
		{F6240197-399E-472F-BC72-B3700933D6DA}.Debug|x64.ActiveCfg = Debug|Any CPU
		{F6240197-399E-472F-BC72-B3700933D6DA}.Debug|x64.Build.0 = Debug|Any CPU
		{F6240197-399E-472F-BC72-B3700933D6DA}.Debug|x86.ActiveCfg = Debug|Any CPU
		{F6240197-399E-472F-BC72-B3700933D6DA}.Debug|x86.Build.0 = Debug|Any CPU
		{F6240197-399E-472F-BC72-B3700933D6DA}.Release|Any CPU.ActiveCfg = Release|Any CPU
		{F6240197-399E-472F-BC72-B3700933D6DA}.Release|Any CPU.Build.0 = Release|Any CPU
		{F6240197-399E-472F-BC72-B3700933D6DA}.Release|x64.ActiveCfg = Release|Any CPU
		{F6240197-399E-472F-BC72-B3700933D6DA}.Release|x64.Build.0 = Release|Any CPU
		{F6240197-399E-472F-BC72-B3700933D6DA}.Release|x86.ActiveCfg = Release|Any CPU
		{F6240197-399E-472F-BC72-B3700933D6DA}.Release|x86.Build.0 = Release|Any CPU
		{74B48C00-9EF3-4BB3-A7B3-2E0E14905EBE}.Debug|Any CPU.ActiveCfg = Debug|Any CPU
		{74B48C00-9EF3-4BB3-A7B3-2E0E14905EBE}.Debug|Any CPU.Build.0 = Debug|Any CPU
		{74B48C00-9EF3-4BB3-A7B3-2E0E14905EBE}.Debug|x64.ActiveCfg = Debug|Any CPU
		{74B48C00-9EF3-4BB3-A7B3-2E0E14905EBE}.Debug|x64.Build.0 = Debug|Any CPU
		{74B48C00-9EF3-4BB3-A7B3-2E0E14905EBE}.Debug|x86.ActiveCfg = Debug|Any CPU
		{74B48C00-9EF3-4BB3-A7B3-2E0E14905EBE}.Debug|x86.Build.0 = Debug|Any CPU
		{74B48C00-9EF3-4BB3-A7B3-2E0E14905EBE}.Release|Any CPU.ActiveCfg = Release|Any CPU
		{74B48C00-9EF3-4BB3-A7B3-2E0E14905EBE}.Release|Any CPU.Build.0 = Release|Any CPU
		{74B48C00-9EF3-4BB3-A7B3-2E0E14905EBE}.Release|x64.ActiveCfg = Release|Any CPU
		{74B48C00-9EF3-4BB3-A7B3-2E0E14905EBE}.Release|x64.Build.0 = Release|Any CPU
		{74B48C00-9EF3-4BB3-A7B3-2E0E14905EBE}.Release|x86.ActiveCfg = Release|Any CPU
		{74B48C00-9EF3-4BB3-A7B3-2E0E14905EBE}.Release|x86.Build.0 = Release|Any CPU
		{14A0ED18-22EC-4258-ACB6-D99E4111DB52}.Debug|Any CPU.ActiveCfg = Debug|Any CPU
		{14A0ED18-22EC-4258-ACB6-D99E4111DB52}.Debug|Any CPU.Build.0 = Debug|Any CPU
		{14A0ED18-22EC-4258-ACB6-D99E4111DB52}.Debug|x64.ActiveCfg = Debug|Any CPU
		{14A0ED18-22EC-4258-ACB6-D99E4111DB52}.Debug|x64.Build.0 = Debug|Any CPU
		{14A0ED18-22EC-4258-ACB6-D99E4111DB52}.Debug|x86.ActiveCfg = Debug|Any CPU
		{14A0ED18-22EC-4258-ACB6-D99E4111DB52}.Debug|x86.Build.0 = Debug|Any CPU
		{14A0ED18-22EC-4258-ACB6-D99E4111DB52}.Release|Any CPU.ActiveCfg = Release|Any CPU
		{14A0ED18-22EC-4258-ACB6-D99E4111DB52}.Release|Any CPU.Build.0 = Release|Any CPU
		{14A0ED18-22EC-4258-ACB6-D99E4111DB52}.Release|x64.ActiveCfg = Release|Any CPU
		{14A0ED18-22EC-4258-ACB6-D99E4111DB52}.Release|x64.Build.0 = Release|Any CPU
		{14A0ED18-22EC-4258-ACB6-D99E4111DB52}.Release|x86.ActiveCfg = Release|Any CPU
		{14A0ED18-22EC-4258-ACB6-D99E4111DB52}.Release|x86.Build.0 = Release|Any CPU
	EndGlobalSection
	GlobalSection(SolutionProperties) = preSolution
		HideSolutionNode = FALSE
	EndGlobalSection
	GlobalSection(NestedProjects) = preSolution
		{EB7CE8A1-C673-41D3-BC68-39477F026A7A} = {827E0CD3-B72D-47B6-A68D-7590B98EB39B}
		{F301BB8E-37D5-4998-8349-6E3D6BC22181} = {827E0CD3-B72D-47B6-A68D-7590B98EB39B}
		{099E39E0-4799-475E-870D-F19F353B1744} = {827E0CD3-B72D-47B6-A68D-7590B98EB39B}
		{D8EC6F8B-B9B0-4E84-A5BA-1BB34144C1A4} = {827E0CD3-B72D-47B6-A68D-7590B98EB39B}
		{E1564CB6-1662-425D-8B95-0CF29A4F3622} = {0AB3BF05-4346-4AA6-1389-037BE0695223}
		{F6240197-399E-472F-BC72-B3700933D6DA} = {0AB3BF05-4346-4AA6-1389-037BE0695223}
		{74B48C00-9EF3-4BB3-A7B3-2E0E14905EBE} = {0AB3BF05-4346-4AA6-1389-037BE0695223}
		{14A0ED18-22EC-4258-ACB6-D99E4111DB52} = {0AB3BF05-4346-4AA6-1389-037BE0695223}
	EndGlobalSection
EndGlobal
